<?xml version="1.0" encoding="utf-8"?>
<Project ToolsVersion="4.0" xmlns="http://schemas.microsoft.com/developer/msbuild/2003">
  <ItemGroup>
    <Filter Include="Source Files">
      <UniqueIdentifier>{4FC737F1-C7A5-4376-A066-2A32D752A2FF}</UniqueIdentifier>
      <Extensions>cpp;c;cc;cxx;def;odl;idl;hpj;bat;asm;asmx</Extensions>
    </Filter>
    <Filter Include="Header Files">
      <UniqueIdentifier>{93995380-89BD-4b04-88EB-625FBE52EBFB}</UniqueIdentifier>
      <Extensions>h;hh;hpp;hxx;hm;inl;inc;xsd</Extensions>
    </Filter>
    <Filter Include="Resource Files">
      <UniqueIdentifier>{67DA6AB6-F800-4c08-8B7A-83BB121AAD01}</UniqueIdentifier>
      <Extensions>rc;ico;cur;bmp;dlg;rc2;rct;bin;rgs;gif;jpg;jpeg;jpe;resx;tiff;tif;png;wav;mfcribbon-ms</Extensions>
    </Filter>
  </ItemGroup>
  <ItemGroup>
    <Text Include="readme.md" />
  </ItemGroup>
  <ItemGroup>
    <ClCompile Include="src\boot\Icarus.cpp">
      <Filter>Source Files</Filter>
    </ClCompile>
    <ClCompile Include="src\communication\incoming\MessageHandler.cpp">
      <Filter>Source Files</Filter>
    </ClCompile>
    <ClCompile Include="src\communication\streams\Request.cpp">
      <Filter>Source Files</Filter>
    </ClCompile>
    <ClCompile Include="src\communication\streams\Response.cpp">
      <Filter>Source Files</Filter>
    </ClCompile>
    <ClCompile Include="src\dao\UserDao.cpp">
      <Filter>Source Files</Filter>
    </ClCompile>
    <ClCompile Include="src\database\DatabaseManager.cpp">
      <Filter>Source Files</Filter>
    </ClCompile>
    <ClCompile Include="src\main.cpp">
      <Filter>Source Files</Filter>
    </ClCompile>
    <ClCompile Include="src\misc\Configuration.cpp">
      <Filter>Source Files</Filter>
    </ClCompile>
    <ClCompile Include="src\misc\Utilities.cpp">
      <Filter>Source Files</Filter>
    </ClCompile>
    <ClCompile Include="src\network\NetworkConnection.cpp">
      <Filter>Source Files</Filter>
    </ClCompile>
    <ClCompile Include="src\network\NetworkServer.cpp">
      <Filter>Source Files</Filter>
    </ClCompile>
    <ClCompile Include="src\stdafx.cpp">
      <Filter>Source Files</Filter>
    </ClCompile>
    <ClCompile Include="src\game\session\Session.cpp">
      <Filter>Source Files</Filter>
    </ClCompile>
    <ClCompile Include="src\game\session\SessionDetails.cpp">
      <Filter>Source Files</Filter>
    </ClCompile>
    <ClCompile Include="src\game\session\SessionManager.cpp">
      <Filter>Source Files</Filter>
    </ClCompile>
    <ClCompile Include="src\game\navigator\NavigatorTab.cpp">
      <Filter>Source Files</Filter>
    </ClCompile>
    <ClCompile Include="src\game\navigator\NavigatorManager.cpp">
      <Filter>Source Files</Filter>
    </ClCompile>
    <ClCompile Include="src\dao\NavigatorDao.cpp">
      <Filter>Source Files</Filter>
    </ClCompile>
    <ClCompile Include="includes\game\Game.cpp">
      <Filter>Source Files</Filter>
    </ClCompile>
    <ClCompile Include="src\game\navigator\NavigatorCategory.cpp">
      <Filter>Source Files</Filter>
    </ClCompile>
  </ItemGroup>
  <ItemGroup>
    <ClInclude Include="includes\boot\Icarus.h">
      <Filter>Header Files</Filter>
    </ClInclude>
    <ClInclude Include="includes\communication\incoming\login\AuthenticateMessageEvent.h">
      <Filter>Header Files</Filter>
    </ClInclude>
    <ClInclude Include="includes\communication\incoming\MessageEvent.h">
      <Filter>Header Files</Filter>
    </ClInclude>
    <ClInclude Include="includes\communication\incoming\MessageHandler.h">
      <Filter>Header Files</Filter>
    </ClInclude>
    <ClInclude Include="includes\communication\outgoing\login\AuthenticateMessageComposer.h">
      <Filter>Header Files</Filter>
    </ClInclude>
    <ClInclude Include="includes\communication\outgoing\MessageComposer.h">
      <Filter>Header Files</Filter>
    </ClInclude>
    <ClInclude Include="includes\communication\streams\Request.h">
      <Filter>Header Files</Filter>
    </ClInclude>
    <ClInclude Include="includes\communication\streams\Response.h">
      <Filter>Header Files</Filter>
    </ClInclude>
    <ClInclude Include="includes\database\DatabaseManager.h">
      <Filter>Header Files</Filter>
    </ClInclude>
    <ClInclude Include="includes\database\lib\ConnectionPool.h">
      <Filter>Header Files</Filter>
    </ClInclude>
    <ClInclude Include="includes\database\lib\MySQLConnection.h">
      <Filter>Header Files</Filter>
    </ClInclude>
    <ClInclude Include="includes\headers\Incoming.h">
      <Filter>Header Files</Filter>
    </ClInclude>
    <ClInclude Include="includes\headers\Outgoing.h">
      <Filter>Header Files</Filter>
    </ClInclude>
    <ClInclude Include="includes\misc\Configuration.h">
      <Filter>Header Files</Filter>
    </ClInclude>
    <ClInclude Include="includes\misc\Utilities.h">
      <Filter>Header Files</Filter>
    </ClInclude>
    <ClInclude Include="includes\network\NetworkConnection.h">
      <Filter>Header Files</Filter>
    </ClInclude>
    <ClInclude Include="includes\network\NetworkServer.h">
      <Filter>Header Files</Filter>
    </ClInclude>
    <ClInclude Include="includes\stdafx.h">
      <Filter>Header Files</Filter>
    </ClInclude>
    <ClInclude Include="includes\targetver.h">
      <Filter>Header Files</Filter>
    </ClInclude>
    <ClInclude Include="includes\communication\incoming\login\UniqueIDMessageEvent.h">
      <Filter>Header Files</Filter>
    </ClInclude>
    <ClInclude Include="includes\communication\incoming\DefaultIncomingEvent.h">
      <Filter>Header Files</Filter>
    </ClInclude>
    <ClInclude Include="includes\communication\incoming\login\VersionCheckMessageEvent.h">
      <Filter>Header Files</Filter>
    </ClInclude>
    <ClInclude Include="includes\communication\outgoing\DefaultComposer.h">
      <Filter>Header Files</Filter>
    </ClInclude>
    <ClInclude Include="includes\communication\outgoing\login\UniqueMachineIDMessageComposer.h">
      <Filter>Header Files</Filter>
    </ClInclude>
    <ClInclude Include="includes\communication\outgoing\login\HomeRoomMessageComposer.h">
      <Filter>Header Files</Filter>
    </ClInclude>
    <ClInclude Include="includes\communication\outgoing\login\LandingWidgetMessageComposer.h">
      <Filter>Header Files</Filter>
    </ClInclude>
    <ClInclude Include="includes\game\session\Session.h">
      <Filter>Header Files</Filter>
    </ClInclude>
    <ClInclude Include="includes\game\session\SessionDetails.h">
      <Filter>Header Files</Filter>
    </ClInclude>
    <ClInclude Include="includes\game\session\SessionManager.h">
      <Filter>Header Files</Filter>
    </ClInclude>
    <ClInclude Include="includes\game\navigator\NavigatorTab.h">
      <Filter>Header Files</Filter>
    </ClInclude>
    <ClInclude Include="includes\game\navigator\NavigatorManager.h">
      <Filter>Header Files</Filter>
    </ClInclude>
    <ClInclude Include="src\game\Game.h">
      <Filter>Header Files</Filter>
    </ClInclude>
    <ClInclude Include="includes\communication\incoming\navigator\NewNavigatorMessageEvent.h">
      <Filter>Header Files</Filter>
    </ClInclude>
    <ClInclude Include="includes\game\navigator\NavigatorCategory.h">
      <Filter>Header Files</Filter>
    </ClInclude>
  </ItemGroup>
</Project>