<?xml version="1.0" encoding="utf-8"?>
<Project ToolsVersion="4.0" xmlns="http://schemas.microsoft.com/developer/msbuild/2003">
  <ItemGroup>
    <Filter Include="Source Files">
      <UniqueIdentifier>{4FC737F1-C7A5-4376-A066-2A32D752A2FF}</UniqueIdentifier>
      <Extensions>cpp;c;cc;cxx;def;odl;idl;hpj;bat;asm;asmx</Extensions>
    </Filter>
    <Filter Include="Header Files">
      <UniqueIdentifier>{93995380-89BD-4b04-88EB-625FBE52EBFB}</UniqueIdentifier>
      <Extensions>h;hh;hpp;hxx;hm;inl;inc;xsd</Extensions>
    </Filter>
    <Filter Include="Resource Files">
      <UniqueIdentifier>{67DA6AB6-F800-4c08-8B7A-83BB121AAD01}</UniqueIdentifier>
      <Extensions>rc;ico;cur;bmp;dlg;rc2;rct;bin;rgs;gif;jpg;jpeg;jpe;resx;tiff;tif;png;wav;mfcribbon-ms</Extensions>
    </Filter>
  </ItemGroup>
  <ItemGroup>
    <Text Include="readme.md" />
  </ItemGroup>
  <ItemGroup>
    <ClCompile Include="src\boot\Icarus.cpp">
      <Filter>Source Files</Filter>
    </ClCompile>
    <ClCompile Include="src\communication\streams\Request.cpp">
      <Filter>Source Files</Filter>
    </ClCompile>
    <ClCompile Include="src\communication\streams\Response.cpp">
      <Filter>Source Files</Filter>
    </ClCompile>
    <ClCompile Include="src\dao\UserDao.cpp">
      <Filter>Source Files</Filter>
    </ClCompile>
    <ClCompile Include="src\database\DatabaseManager.cpp">
      <Filter>Source Files</Filter>
    </ClCompile>
    <ClCompile Include="src\main.cpp">
      <Filter>Source Files</Filter>
    </ClCompile>
    <ClCompile Include="src\network\NetworkConnection.cpp">
      <Filter>Source Files</Filter>
    </ClCompile>
    <ClCompile Include="src\network\NetworkServer.cpp">
      <Filter>Source Files</Filter>
    </ClCompile>
    <ClCompile Include="src\stdafx.cpp">
      <Filter>Source Files</Filter>
    </ClCompile>
    <ClCompile Include="src\game\navigator\NavigatorTab.cpp">
      <Filter>Source Files</Filter>
    </ClCompile>
    <ClCompile Include="src\game\navigator\NavigatorManager.cpp">
      <Filter>Source Files</Filter>
    </ClCompile>
    <ClCompile Include="src\dao\NavigatorDao.cpp">
      <Filter>Source Files</Filter>
    </ClCompile>
    <ClCompile Include="src\game\navigator\NavigatorCategory.cpp">
      <Filter>Source Files</Filter>
    </ClCompile>
    <ClCompile Include="src\thread\ExecutorService.cpp">
      <Filter>Source Files</Filter>
    </ClCompile>
    <ClCompile Include="src\game\Game.cpp">
      <Filter>Source Files</Filter>
    </ClCompile>
    <ClCompile Include="src\dao\RoomDao.cpp">
      <Filter>Source Files</Filter>
    </ClCompile>
    <ClCompile Include="src\misc\Configuration.cpp">
      <Filter>Source Files</Filter>
    </ClCompile>
    <ClCompile Include="src\misc\Utilities.cpp">
      <Filter>Source Files</Filter>
    </ClCompile>
    <ClCompile Include="src\game\room\Room.cpp">
      <Filter>Source Files</Filter>
    </ClCompile>
    <ClCompile Include="src\game\room\RoomData.cpp">
      <Filter>Source Files</Filter>
    </ClCompile>
    <ClCompile Include="src\game\room\RoomManager.cpp">
      <Filter>Source Files</Filter>
    </ClCompile>
    <ClCompile Include="src\game\player\Player.cpp">
      <Filter>Source Files</Filter>
    </ClCompile>
    <ClCompile Include="src\game\player\PlayerDetails.cpp">
      <Filter>Source Files</Filter>
    </ClCompile>
    <ClCompile Include="src\game\player\PlayerManager.cpp">
      <Filter>Source Files</Filter>
    </ClCompile>
    <ClCompile Include="src\game\room\model\RoomModel.cpp">
      <Filter>Source Files</Filter>
    </ClCompile>
    <ClCompile Include="src\game\navigator\populators\DefaultPopulator.cpp">
      <Filter>Source Files</Filter>
    </ClCompile>
    <ClCompile Include="src\game\navigator\populators\MyRoomPopulator.cpp">
      <Filter>Source Files</Filter>
    </ClCompile>
    <ClCompile Include="src\game\room\RoomUser.cpp">
      <Filter>Source Files</Filter>
    </ClCompile>
    <ClCompile Include="src\game\pathfinder\Position.cpp">
      <Filter>Source Files</Filter>
    </ClCompile>
    <ClCompile Include="src\game\pathfinder\Pathfinder.cpp">
      <Filter>Source Files</Filter>
    </ClCompile>
    <ClCompile Include="src\game\pathfinder\PathfinderNode.cpp">
      <Filter>Source Files</Filter>
    </ClCompile>
    <ClCompile Include="src\game\room\tasks\RoomRunnable.cpp">
      <Filter>Source Files</Filter>
    </ClCompile>
    <ClCompile Include="src\game\navigator\populators\PopularPopulator.cpp">
      <Filter>Source Files</Filter>
    </ClCompile>
    <ClCompile Include="src\game\navigator\populators\OfficialRoomPopulator.cpp">
      <Filter>Source Files</Filter>
    </ClCompile>
    <ClCompile Include="src\game\messenger\Messenger.cpp">
      <Filter>Source Files</Filter>
    </ClCompile>
    <ClCompile Include="src\game\messenger\MessengerUser.cpp">
      <Filter>Source Files</Filter>
    </ClCompile>
    <ClCompile Include="src\dao\MessengerDao.cpp">
      <Filter>Source Files</Filter>
    </ClCompile>
    <ClCompile Include="src\communication\incoming\MessageHandler.cpp">
      <Filter>Source Files</Filter>
    </ClCompile>
  </ItemGroup>
  <ItemGroup>
    <ClInclude Include="includes\boot\Icarus.h">
      <Filter>Header Files</Filter>
    </ClInclude>
    <ClInclude Include="includes\communication\incoming\login\AuthenticateMessageEvent.h">
      <Filter>Header Files</Filter>
    </ClInclude>
    <ClInclude Include="includes\communication\incoming\MessageEvent.h">
      <Filter>Header Files</Filter>
    </ClInclude>
    <ClInclude Include="includes\communication\incoming\MessageHandler.h">
      <Filter>Header Files</Filter>
    </ClInclude>
    <ClInclude Include="includes\communication\outgoing\login\AuthenticateMessageComposer.h">
      <Filter>Header Files</Filter>
    </ClInclude>
    <ClInclude Include="includes\communication\streams\Request.h">
      <Filter>Header Files</Filter>
    </ClInclude>
    <ClInclude Include="includes\communication\streams\Response.h">
      <Filter>Header Files</Filter>
    </ClInclude>
    <ClInclude Include="includes\database\lib\ConnectionPool.h">
      <Filter>Header Files</Filter>
    </ClInclude>
    <ClInclude Include="includes\database\lib\MySQLConnection.h">
      <Filter>Header Files</Filter>
    </ClInclude>
    <ClInclude Include="includes\misc\Configuration.h">
      <Filter>Header Files</Filter>
    </ClInclude>
    <ClInclude Include="includes\misc\Utilities.h">
      <Filter>Header Files</Filter>
    </ClInclude>
    <ClInclude Include="includes\network\NetworkConnection.h">
      <Filter>Header Files</Filter>
    </ClInclude>
    <ClInclude Include="includes\network\NetworkServer.h">
      <Filter>Header Files</Filter>
    </ClInclude>
    <ClInclude Include="includes\targetver.h">
      <Filter>Header Files</Filter>
    </ClInclude>
    <ClInclude Include="includes\communication\incoming\login\UniqueIDMessageEvent.h">
      <Filter>Header Files</Filter>
    </ClInclude>
    <ClInclude Include="includes\communication\incoming\login\VersionCheckMessageEvent.h">
      <Filter>Header Files</Filter>
    </ClInclude>
    <ClInclude Include="includes\communication\outgoing\DefaultComposer.h">
      <Filter>Header Files</Filter>
    </ClInclude>
    <ClInclude Include="includes\communication\outgoing\login\UniqueMachineIDMessageComposer.h">
      <Filter>Header Files</Filter>
    </ClInclude>
    <ClInclude Include="includes\communication\outgoing\login\HomeRoomMessageComposer.h">
      <Filter>Header Files</Filter>
    </ClInclude>
    <ClInclude Include="includes\communication\outgoing\login\LandingWidgetMessageComposer.h">
      <Filter>Header Files</Filter>
    </ClInclude>
    <ClInclude Include="includes\game\navigator\NavigatorTab.h">
      <Filter>Header Files</Filter>
    </ClInclude>
    <ClInclude Include="includes\game\navigator\NavigatorManager.h">
      <Filter>Header Files</Filter>
    </ClInclude>
    <ClInclude Include="includes\game\navigator\NavigatorCategory.h">
      <Filter>Header Files</Filter>
    </ClInclude>
    <ClInclude Include="includes\thread\ExecutorService.h">
      <Filter>Header Files</Filter>
    </ClInclude>
    <ClInclude Include="includes\thread\Runnable.h">
      <Filter>Header Files</Filter>
    </ClInclude>
    <ClInclude Include="includes\thread\BlockingQueue.h">
      <Filter>Header Files</Filter>
    </ClInclude>
    <ClInclude Include="includes\game\Game.h">
      <Filter>Header Files</Filter>
    </ClInclude>
    <ClInclude Include="includes\communication\headers\Incoming.h">
      <Filter>Header Files</Filter>
    </ClInclude>
    <ClInclude Include="includes\communication\headers\Outgoing.h">
      <Filter>Header Files</Filter>
    </ClInclude>
    <ClInclude Include="includes\communication\incoming\DefaultIncomingMessageEvent.h">
      <Filter>Header Files</Filter>
    </ClInclude>
    <ClInclude Include="includes\game\room\RoomManager.h">
      <Filter>Header Files</Filter>
    </ClInclude>
    <ClInclude Include="includes\game\room\Room.h">
      <Filter>Header Files</Filter>
    </ClInclude>
    <ClInclude Include="includes\game\room\RoomData.h">
      <Filter>Header Files</Filter>
    </ClInclude>
    <ClInclude Include="includes\stdafx.h">
      <Filter>Header Files</Filter>
    </ClInclude>
    <ClInclude Include="includes\game\player\Player.h">
      <Filter>Header Files</Filter>
    </ClInclude>
    <ClInclude Include="includes\game\player\PlayerDetails.h">
      <Filter>Header Files</Filter>
    </ClInclude>
    <ClInclude Include="includes\game\player\PlayerManager.h">
      <Filter>Header Files</Filter>
    </ClInclude>
    <ClInclude Include="includes\game\entities\Entity.h">
      <Filter>Header Files</Filter>
    </ClInclude>
    <ClInclude Include="includes\game\entities\EntityDetails.h">
      <Filter>Header Files</Filter>
    </ClInclude>
    <ClInclude Include="includes\game\navigator\populators\DefaultPopulator.h">
      <Filter>Header Files</Filter>
    </ClInclude>
    <ClInclude Include="includes\game\navigator\populators\MyRoomPopulator.h">
      <Filter>Header Files</Filter>
    </ClInclude>
    <ClInclude Include="includes\game\navigator\populators\RoomPopulator.h">
      <Filter>Header Files</Filter>
    </ClInclude>
    <ClInclude Include="includes\game\entities\EntityType.h">
      <Filter>Header Files</Filter>
    </ClInclude>
    <ClInclude Include="includes\game\room\RoomUser.h">
      <Filter>Header Files</Filter>
    </ClInclude>
    <ClInclude Include="includes\communication\incoming\user\UserDataMessageEvent.h">
      <Filter>Header Files</Filter>
    </ClInclude>
    <ClInclude Include="includes\communication\outgoing\user\CreditsMessageComposer.h">
      <Filter>Header Files</Filter>
    </ClInclude>
    <ClInclude Include="includes\communication\outgoing\user\UserObjectMessageComposer.h">
      <Filter>Header Files</Filter>
    </ClInclude>
    <ClInclude Include="includes\communication\outgoing\user\SendPerkAllowancesMessageComposer.h">
      <Filter>Header Files</Filter>
    </ClInclude>
    <ClInclude Include="includes\communication\incoming\room\EnterRoomMessageEvent.h">
      <Filter>Header Files</Filter>
    </ClInclude>
    <ClInclude Include="includes\communication\incoming\room\RoomInfoMessageEvent.h">
      <Filter>Header Files</Filter>
    </ClInclude>
    <ClInclude Include="includes\communication\outgoing\room\entry\RoomModelMessageComposer.h">
      <Filter>Header Files</Filter>
    </ClInclude>
    <ClInclude Include="includes\communication\outgoing\room\entry\RoomRatingMessageComposer.h">
      <Filter>Header Files</Filter>
    </ClInclude>
    <ClInclude Include="includes\communication\outgoing\room\entry\RoomSpacesMessageComposer.h">
      <Filter>Header Files</Filter>
    </ClInclude>
    <ClInclude Include="includes\communication\outgoing\room\RoomDataMessageComposer.h">
      <Filter>Header Files</Filter>
    </ClInclude>
    <ClInclude Include="includes\communication\outgoing\room\entry\RoomOwnerMessageComposer.h">
      <Filter>Header Files</Filter>
    </ClInclude>
    <ClInclude Include="includes\communication\outgoing\room\entry\RightsLevelMessageComposer.h">
      <Filter>Header Files</Filter>
    </ClInclude>
    <ClInclude Include="includes\communication\outgoing\room\entry\NoRightsMessageComposer.h">
      <Filter>Header Files</Filter>
    </ClInclude>
    <ClInclude Include="includes\communication\outgoing\room\entry\PrepareRoomMessageComposer.h">
      <Filter>Header Files</Filter>
    </ClInclude>
    <ClInclude Include="includes\communication\incoming\room\HeightMapMessageEvent.h">
      <Filter>Header Files</Filter>
    </ClInclude>
    <ClInclude Include="includes\game\room\model\RoomModel.h">
      <Filter>Header Files</Filter>
    </ClInclude>
    <ClInclude Include="includes\communication\outgoing\room\model\HeightMapMessageComposer.h">
      <Filter>Header Files</Filter>
    </ClInclude>
    <ClInclude Include="includes\communication\outgoing\room\model\FloorMapMessageComposer.h">
      <Filter>Header Files</Filter>
    </ClInclude>
    <ClInclude Include="includes\communication\outgoing\user\HotelViewMessageComposer.h">
      <Filter>Header Files</Filter>
    </ClInclude>
    <ClInclude Include="includes\communication\outgoing\room\UserDisplayMessageComposer.h">
      <Filter>Header Files</Filter>
    </ClInclude>
    <ClInclude Include="includes\communication\outgoing\room\UserStatusMessageComposer.h">
      <Filter>Header Files</Filter>
    </ClInclude>
    <ClInclude Include="includes\communication\incoming\room\WalkMessageEvent.h">
      <Filter>Header Files</Filter>
    </ClInclude>
    <ClInclude Include="includes\game\room\tasks\RoomRunnable.h">
      <Filter>Header Files</Filter>
    </ClInclude>
    <ClInclude Include="includes\communication\outgoing\MessageComposer.h">
      <Filter>Header Files</Filter>
    </ClInclude>
    <ClInclude Include="includes\communication\incoming\room\LeaveRoomMessageEvent.h">
      <Filter>Header Files</Filter>
    </ClInclude>
    <ClInclude Include="includes\game\pathfinder\Pathfinder.h">
      <Filter>Header Files</Filter>
    </ClInclude>
    <ClInclude Include="includes\game\pathfinder\PathfinderNode.h">
      <Filter>Header Files</Filter>
    </ClInclude>
    <ClInclude Include="includes\game\pathfinder\Position.h">
      <Filter>Header Files</Filter>
    </ClInclude>
    <ClInclude Include="includes\game\navigator\populators\PopularPopulator.h">
      <Filter>Header Files</Filter>
    </ClInclude>
    <ClInclude Include="includes\game\navigator\populators\OfficialRoomPopulator.h">
      <Filter>Header Files</Filter>
    </ClInclude>
    <ClInclude Include="includes\game\messenger\MessengerUser.h">
      <Filter>Header Files</Filter>
    </ClInclude>
    <ClInclude Include="includes\game\messenger\Messenger.h">
      <Filter>Header Files</Filter>
    </ClInclude>
    <ClInclude Include="includes\database\DatabaseManager.h">
      <Filter>Header Files</Filter>
    </ClInclude>
    <ClInclude Include="includes\communication\outgoing\messenger\MessengerCategoriesMessageComposer.h">
      <Filter>Header Files</Filter>
    </ClInclude>
    <ClInclude Include="includes\communication\outgoing\messenger\FriendsListMessageComposer.h">
      <Filter>Header Files</Filter>
    </ClInclude>
    <ClInclude Include="includes\communication\outgoing\navigator\FlatCategoriesMessageComposer.h">
      <Filter>Header Files</Filter>
    </ClInclude>
    <ClInclude Include="includes\communication\outgoing\navigator\NavigatorCategoriesComposer.h">
      <Filter>Header Files</Filter>
    </ClInclude>
    <ClInclude Include="includes\communication\outgoing\navigator\NavigatorMetaDataComposer.h">
      <Filter>Header Files</Filter>
    </ClInclude>
    <ClInclude Include="includes\communication\outgoing\navigator\SearchResultSetComposer.h">
      <Filter>Header Files</Filter>
    </ClInclude>
    <ClInclude Include="includes\communication\outgoing\messenger\MessengerSearchMessageComposer.h">
      <Filter>Header Files</Filter>
    </ClInclude>
    <ClInclude Include="includes\communication\outgoing\messenger\MessengerUpdateMessageComposer.h">
      <Filter>Header Files</Filter>
    </ClInclude>
    <ClInclude Include="includes\communication\incoming\messenger\MessengerSearchMessageEvent.h">
      <Filter>Header Files</Filter>
    </ClInclude>
    <ClInclude Include="includes\communication\incoming\misc\EventLogMessageEvent.h">
      <Filter>Header Files</Filter>
    </ClInclude>
    <ClInclude Include="includes\communication\incoming\misc\LatencyTestMessageEvent.h">
      <Filter>Header Files</Filter>
    </ClInclude>
    <ClInclude Include="includes\communication\incoming\messenger\MessengerInitMessageEvent.h">
      <Filter>Header Files</Filter>
    </ClInclude>
    <ClInclude Include="includes\dao\MessengerDao.h">
      <Filter>Header Files</Filter>
    </ClInclude>
    <ClInclude Include="includes\dao\NavigatorDao.h">
      <Filter>Header Files</Filter>
    </ClInclude>
    <ClInclude Include="includes\dao\UserDao.h">
      <Filter>Header Files</Filter>
    </ClInclude>
    <ClInclude Include="includes\dao\RoomDao.h">
      <Filter>Header Files</Filter>
    </ClInclude>
    <ClInclude Include="includes\communication\incoming\messenger\MessengerRequestMessageEvent.h">
      <Filter>Header Files</Filter>
    </ClInclude>
    <ClInclude Include="includes\communication\outgoing\messenger\MessengerSendRequestComposer.h">
      <Filter>Header Files</Filter>
    </ClInclude>
    <ClInclude Include="includes\communication\incoming\navigator\NewNavigatorMessageEvent.h">
      <Filter>Header Files</Filter>
    </ClInclude>
    <ClInclude Include="includes\communication\incoming\navigator\SearchNewNavigatorEvent.h">
      <Filter>Header Files</Filter>
    </ClInclude>
    <ClInclude Include="includes\communication\incoming\messenger\MessengerAcceptMessageEvent.h">
      <Filter>Header Files</Filter>
    </ClInclude>
    <ClInclude Include="includes\communication\incoming\messenger\MessengerAcceptMessageEvent.h">
      <Filter>Header Files</Filter>
    </ClInclude>
  </ItemGroup>
</Project>