<?xml version="1.0" encoding="utf-8"?>
<Project ToolsVersion="4.0" xmlns="http://schemas.microsoft.com/developer/msbuild/2003">
  <ItemGroup>
    <Filter Include="Source Files">
      <UniqueIdentifier>{4FC737F1-C7A5-4376-A066-2A32D752A2FF}</UniqueIdentifier>
      <Extensions>cpp;c;cc;cxx;def;odl;idl;hpj;bat;asm;asmx</Extensions>
    </Filter>
    <Filter Include="Header Files">
      <UniqueIdentifier>{93995380-89BD-4b04-88EB-625FBE52EBFB}</UniqueIdentifier>
      <Extensions>h;hh;hpp;hxx;hm;inl;inc;xsd</Extensions>
    </Filter>
    <Filter Include="Resource Files">
      <UniqueIdentifier>{67DA6AB6-F800-4c08-8B7A-83BB121AAD01}</UniqueIdentifier>
      <Extensions>rc;ico;cur;bmp;dlg;rc2;rct;bin;rgs;gif;jpg;jpeg;jpe;resx;tiff;tif;png;wav;mfcribbon-ms</Extensions>
    </Filter>
    <Filter Include="Source Files\Clients">
      <UniqueIdentifier>{61a8d180-50d5-438a-af71-6a1acac10d90}</UniqueIdentifier>
    </Filter>
    <Filter Include="Source Files\Network">
      <UniqueIdentifier>{c594b3df-0515-43b6-b490-e69ae30117f1}</UniqueIdentifier>
    </Filter>
    <Filter Include="Header Files\Clients">
      <UniqueIdentifier>{2c56dddc-6b30-475e-85ff-256d8f1c8bb3}</UniqueIdentifier>
    </Filter>
    <Filter Include="Header Files\Network">
      <UniqueIdentifier>{9731e1eb-922d-4271-87ed-c05dba8561de}</UniqueIdentifier>
    </Filter>
    <Filter Include="Source Files\Environment">
      <UniqueIdentifier>{8dcceb17-24e8-407c-8924-20d862c778c4}</UniqueIdentifier>
    </Filter>
    <Filter Include="Header Files\Environment">
      <UniqueIdentifier>{271dfbf3-45e6-4cfc-81fe-e8fe903454e5}</UniqueIdentifier>
    </Filter>
    <Filter Include="Header Files\Communication">
      <UniqueIdentifier>{6df14e47-a3e5-4ebd-bb13-3fac3a517d52}</UniqueIdentifier>
    </Filter>
    <Filter Include="Header Files\Communication\Streams">
      <UniqueIdentifier>{2b3a93d2-3995-4015-88ba-110762df7daa}</UniqueIdentifier>
    </Filter>
    <Filter Include="Source Files\Communication">
      <UniqueIdentifier>{47b26b6e-0acd-4775-889c-b56766b6ac6a}</UniqueIdentifier>
    </Filter>
    <Filter Include="Source Files\Communication\Streams">
      <UniqueIdentifier>{65ec1741-5a55-4434-b330-213cf1b090f1}</UniqueIdentifier>
    </Filter>
  </ItemGroup>
  <ItemGroup>
    <ClInclude Include="stdafx.h">
      <Filter>Header Files</Filter>
    </ClInclude>
    <ClInclude Include="targetver.h">
      <Filter>Header Files</Filter>
    </ClInclude>
    <ClInclude Include="Session.h">
      <Filter>Header Files\Clients</Filter>
    </ClInclude>
    <ClInclude Include="NetworkConnection.h">
      <Filter>Header Files\Network</Filter>
    </ClInclude>
    <ClInclude Include="NetworkServer.h">
      <Filter>Header Files\Network</Filter>
    </ClInclude>
    <ClInclude Include="Icarus.h">
      <Filter>Header Files\Environment</Filter>
    </ClInclude>
    <ClInclude Include="SessionManager.h">
      <Filter>Header Files\Clients</Filter>
    </ClInclude>
    <ClInclude Include="Request.h">
      <Filter>Header Files\Communication\Streams</Filter>
    </ClInclude>
    <ClInclude Include="Response.h">
      <Filter>Header Files\Communication\Streams</Filter>
    </ClInclude>
  </ItemGroup>
  <ItemGroup>
    <ClCompile Include="stdafx.cpp">
      <Filter>Source Files</Filter>
    </ClCompile>
    <ClCompile Include="Session.cpp">
      <Filter>Source Files\Clients</Filter>
    </ClCompile>
    <ClCompile Include="NetworkConnection.cpp">
      <Filter>Source Files\Network</Filter>
    </ClCompile>
    <ClCompile Include="NetworkServer.cpp">
      <Filter>Source Files\Network</Filter>
    </ClCompile>
    <ClCompile Include="main.cpp">
      <Filter>Source Files</Filter>
    </ClCompile>
    <ClCompile Include="Icarus.cpp">
      <Filter>Source Files\Environment</Filter>
    </ClCompile>
    <ClCompile Include="SessionManager.cpp">
      <Filter>Source Files\Clients</Filter>
    </ClCompile>
    <ClCompile Include="Request.cpp">
      <Filter>Source Files\Communication\Streams</Filter>
    </ClCompile>
    <ClCompile Include="Response.cpp">
      <Filter>Source Files\Communication\Streams</Filter>
    </ClCompile>
  </ItemGroup>
  <ItemGroup>
    <Text Include="readme.md" />
  </ItemGroup>
</Project>